
Microsoft Visual Studio Solution File, Format Version 12.00
# Visual Studio Version 16
VisualStudioVersion = 16.0.33027.164
MinimumVisualStudioVersion = 10.0.40219.1
Project("{FAE04EC0-301F-11D3-BF4B-00C04F79EFBC}") = "Helthy_Shop", "Helthy_Shop.csproj", "{D8642977-DEA7-4EF3-BF8E-7F8518B1B855}"
EndProject
Global
	GlobalSection(SolutionConfigurationPlatforms) = preSolution
		Debug|Any CPU = Debug|Any CPU
		Release|Any CPU = Release|Any CPU
	EndGlobalSection
	GlobalSection(ProjectConfigurationPlatforms) = postSolution
		{D8642977-DEA7-4EF3-BF8E-7F8518B1B855}.Debug|Any CPU.ActiveCfg = Debug|Any CPU
		{D8642977-DEA7-4EF3-BF8E-7F8518B1B855}.Debug|Any CPU.Build.0 = Debug|Any CPU
		{D8642977-DEA7-4EF3-BF8E-7F8518B1B855}.Release|Any CPU.ActiveCfg = Release|Any CPU
		{D8642977-DEA7-4EF3-BF8E-7F8518B1B855}.Release|Any CPU.Build.0 = Release|Any CPU
	EndGlobalSection
	GlobalSection(SolutionProperties) = preSolution
		HideSolutionNode = FALSE
	EndGlobalSection
	GlobalSection(ExtensibilityGlobals) = postSolution
		SolutionGuid = {F3887570-C2C0-4BC3-ABD5-895A56B046CB}
	EndGlobalSection
EndGlobal
